
Microsoft Visual Studio Solution File, Format Version 12.00
# Visual Studio 14
VisualStudioVersion = 14.0.25420.1
MinimumVisualStudioVersion = 10.0.40219.1
Project("{FAE04EC0-301F-11D3-BF4B-00C04F79EFBC}") = "ConfigChanger", "ConfigChanger\ConfigChanger.csproj", "{4FB78A67-014F-4838-A003-A49ECBCD51BC}"
EndProject
Global
	GlobalSection(SolutionConfigurationPlatforms) = preSolution
		Debug|Any CPU = Debug|Any CPU
		Release|Any CPU = Release|Any CPU
	EndGlobalSection
	GlobalSection(ProjectConfigurationPlatforms) = postSolution
		{4FB78A67-014F-4838-A003-A49ECBCD51BC}.Debug|Any CPU.ActiveCfg = Debug|Any CPU
		{4FB78A67-014F-4838-A003-A49ECBCD51BC}.Debug|Any CPU.Build.0 = Debug|Any CPU
		{4FB78A67-014F-4838-A003-A49ECBCD51BC}.Release|Any CPU.ActiveCfg = Release|Any CPU
		{4FB78A67-014F-4838-A003-A49ECBCD51BC}.Release|Any CPU.Build.0 = Release|Any CPU
	EndGlobalSection
	GlobalSection(SolutionProperties) = preSolution
		HideSolutionNode = FALSE
	EndGlobalSection
EndGlobal
