
Microsoft Visual Studio Solution File, Format Version 12.00
# Visual Studio 15
VisualStudioVersion = 15.0.27130.2036
MinimumVisualStudioVersion = 10.0.40219.1
Project("{FAE04EC0-301F-11D3-BF4B-00C04F79EFBC}") = "ConfigChanger", "ConfigChanger\ConfigChanger.csproj", "{4FB78A67-014F-4838-A003-A49ECBCD51BC}"
EndProject
Project("{54435603-DBB4-11D2-8724-00A0C9A8B90C}") = "BakkesModSetup", "BakkesModSetup\BakkesModSetup.vdproj", "{76E77906-D8EB-4901-B4B9-CEA9E4D0701D}"
EndProject
Global
	GlobalSection(SolutionConfigurationPlatforms) = preSolution
		Debug|Any CPU = Debug|Any CPU
		Debug|Default = Debug|Default
		Release|Any CPU = Release|Any CPU
		Release|Default = Release|Default
	EndGlobalSection
	GlobalSection(ProjectConfigurationPlatforms) = postSolution
		{4FB78A67-014F-4838-A003-A49ECBCD51BC}.Debug|Any CPU.ActiveCfg = Debug|Any CPU
		{4FB78A67-014F-4838-A003-A49ECBCD51BC}.Debug|Any CPU.Build.0 = Debug|Any CPU
		{4FB78A67-014F-4838-A003-A49ECBCD51BC}.Debug|Default.ActiveCfg = Debug|Any CPU
		{4FB78A67-014F-4838-A003-A49ECBCD51BC}.Debug|Default.Build.0 = Debug|Any CPU
		{4FB78A67-014F-4838-A003-A49ECBCD51BC}.Release|Any CPU.ActiveCfg = Release|Any CPU
		{4FB78A67-014F-4838-A003-A49ECBCD51BC}.Release|Any CPU.Build.0 = Release|Any CPU
		{4FB78A67-014F-4838-A003-A49ECBCD51BC}.Release|Default.ActiveCfg = Release|Any CPU
		{4FB78A67-014F-4838-A003-A49ECBCD51BC}.Release|Default.Build.0 = Release|Any CPU
		{76E77906-D8EB-4901-B4B9-CEA9E4D0701D}.Debug|Any CPU.ActiveCfg = Debug
		{76E77906-D8EB-4901-B4B9-CEA9E4D0701D}.Debug|Default.ActiveCfg = Debug
		{76E77906-D8EB-4901-B4B9-CEA9E4D0701D}.Debug|Default.Build.0 = Debug
		{76E77906-D8EB-4901-B4B9-CEA9E4D0701D}.Release|Any CPU.ActiveCfg = Debug
		{76E77906-D8EB-4901-B4B9-CEA9E4D0701D}.Release|Default.ActiveCfg = Debug
	EndGlobalSection
	GlobalSection(SolutionProperties) = preSolution
		HideSolutionNode = FALSE
	EndGlobalSection
	GlobalSection(ExtensibilityGlobals) = postSolution
		SolutionGuid = {386294AF-900C-4A23-B51E-BFA734AB3293}
	EndGlobalSection
	GlobalSection(SolutionConfigurationPlatforms) = preSolution
		Debug|Any CPU = Debug|Any CPU
		Debug|Default = Debug|Default
		Release|Any CPU = Release|Any CPU
		Release|Default = Release|Default
	EndGlobalSection
	GlobalSection(SolutionConfigurationPlatforms) = preSolution
		Debug|Any CPU = Debug|Any CPU
		Debug|Default = Debug|Default
		Release|Any CPU = Release|Any CPU
		Release|Default = Release|Default
	EndGlobalSection
EndGlobal
